// !$*UTF8*$!
{
	archiveVersion = 1;
	classes = {
	};
	objectVersion = 46;
	objects = {

/* Begin PBXBuildFile section */
		A77AE85E1F5D3CE200C132F0 /* main.m in Sources */ = {isa = PBXBuildFile; fileRef = A77AE85D1F5D3CE200C132F0 /* main.m */; };
		A77AE8611F5D3CE200C132F0 /* AppDelegate.m in Sources */ = {isa = PBXBuildFile; fileRef = A77AE8601F5D3CE200C132F0 /* AppDelegate.m */; };
		A77AE8641F5D3CE200C132F0 /* ViewController.m in Sources */ = {isa = PBXBuildFile; fileRef = A77AE8631F5D3CE200C132F0 /* ViewController.m */; };
		A77AE8671F5D3CE200C132F0 /* Main.storyboard in Resources */ = {isa = PBXBuildFile; fileRef = A77AE8651F5D3CE200C132F0 /* Main.storyboard */; };
		A77AE86A1F5D3CE200C132F0 /* OCModules.xcdatamodeld in Sources */ = {isa = PBXBuildFile; fileRef = A77AE8681F5D3CE200C132F0 /* OCModules.xcdatamodeld */; };
		A77AE86C1F5D3CE200C132F0 /* Assets.xcassets in Resources */ = {isa = PBXBuildFile; fileRef = A77AE86B1F5D3CE200C132F0 /* Assets.xcassets */; };
		A77AE86F1F5D3CE200C132F0 /* LaunchScreen.storyboard in Resources */ = {isa = PBXBuildFile; fileRef = A77AE86D1F5D3CE200C132F0 /* LaunchScreen.storyboard */; };
		A77AE87A1F5D3CE200C132F0 /* OCModulesTests.m in Sources */ = {isa = PBXBuildFile; fileRef = A77AE8791F5D3CE200C132F0 /* OCModulesTests.m */; };
		A77AE8851F5D3CE200C132F0 /* OCModulesUITests.m in Sources */ = {isa = PBXBuildFile; fileRef = A77AE8841F5D3CE200C132F0 /* OCModulesUITests.m */; };
		A77AE8971F5D3FF100C132F0 /* SKYTabBarController.m in Sources */ = {isa = PBXBuildFile; fileRef = A77AE8961F5D3FF100C132F0 /* SKYTabBarController.m */; };
		A77AE89B1F5D460400C132F0 /* SKYTabBarComponet.m in Sources */ = {isa = PBXBuildFile; fileRef = A77AE89A1F5D460400C132F0 /* SKYTabBarComponet.m */; };
		A77AE8A81F5D520200C132F0 /* menu_1_off@2x.png in Resources */ = {isa = PBXBuildFile; fileRef = A77AE8A41F5D520200C132F0 /* menu_1_off@2x.png */; };
		A77AE8A91F5D520200C132F0 /* menu_1_on@2x.png in Resources */ = {isa = PBXBuildFile; fileRef = A77AE8A51F5D520200C132F0 /* menu_1_on@2x.png */; };
		A77AE8AA1F5D520200C132F0 /* menu_4_off@2x.png in Resources */ = {isa = PBXBuildFile; fileRef = A77AE8A61F5D520200C132F0 /* menu_4_off@2x.png */; };
		A77AE8AB1F5D520200C132F0 /* menu_4_on@2x.png in Resources */ = {isa = PBXBuildFile; fileRef = A77AE8A71F5D520200C132F0 /* menu_4_on@2x.png */; };
/* End PBXBuildFile section */

/* Begin PBXContainerItemProxy section */
		A77AE8761F5D3CE200C132F0 /* PBXContainerItemProxy */ = {
			isa = PBXContainerItemProxy;
			containerPortal = A77AE8511F5D3CE200C132F0 /* Project object */;
			proxyType = 1;
			remoteGlobalIDString = A77AE8581F5D3CE200C132F0;
			remoteInfo = OCModules;
		};
		A77AE8811F5D3CE200C132F0 /* PBXContainerItemProxy */ = {
			isa = PBXContainerItemProxy;
			containerPortal = A77AE8511F5D3CE200C132F0 /* Project object */;
			proxyType = 1;
			remoteGlobalIDString = A77AE8581F5D3CE200C132F0;
			remoteInfo = OCModules;
		};
/* End PBXContainerItemProxy section */

/* Begin PBXFileReference section */
		A77AE8591F5D3CE200C132F0 /* OCModules.app */ = {isa = PBXFileReference; explicitFileType = wrapper.application; includeInIndex = 0; path = OCModules.app; sourceTree = BUILT_PRODUCTS_DIR; };
		A77AE85D1F5D3CE200C132F0 /* main.m */ = {isa = PBXFileReference; lastKnownFileType = sourcecode.c.objc; path = main.m; sourceTree = "<group>"; };
		A77AE85F1F5D3CE200C132F0 /* AppDelegate.h */ = {isa = PBXFileReference; lastKnownFileType = sourcecode.c.h; path = AppDelegate.h; sourceTree = "<group>"; };
		A77AE8601F5D3CE200C132F0 /* AppDelegate.m */ = {isa = PBXFileReference; lastKnownFileType = sourcecode.c.objc; path = AppDelegate.m; sourceTree = "<group>"; };
		A77AE8621F5D3CE200C132F0 /* ViewController.h */ = {isa = PBXFileReference; lastKnownFileType = sourcecode.c.h; path = ViewController.h; sourceTree = "<group>"; };
		A77AE8631F5D3CE200C132F0 /* ViewController.m */ = {isa = PBXFileReference; lastKnownFileType = sourcecode.c.objc; path = ViewController.m; sourceTree = "<group>"; };
		A77AE8661F5D3CE200C132F0 /* Base */ = {isa = PBXFileReference; lastKnownFileType = file.storyboard; name = Base; path = Base.lproj/Main.storyboard; sourceTree = "<group>"; };
		A77AE8691F5D3CE200C132F0 /* OCModules.xcdatamodel */ = {isa = PBXFileReference; lastKnownFileType = wrapper.xcdatamodel; path = OCModules.xcdatamodel; sourceTree = "<group>"; };
		A77AE86B1F5D3CE200C132F0 /* Assets.xcassets */ = {isa = PBXFileReference; lastKnownFileType = folder.assetcatalog; path = Assets.xcassets; sourceTree = "<group>"; };
		A77AE86E1F5D3CE200C132F0 /* Base */ = {isa = PBXFileReference; lastKnownFileType = file.storyboard; name = Base; path = Base.lproj/LaunchScreen.storyboard; sourceTree = "<group>"; };
		A77AE8701F5D3CE200C132F0 /* Info.plist */ = {isa = PBXFileReference; lastKnownFileType = text.plist.xml; path = Info.plist; sourceTree = "<group>"; };
		A77AE8751F5D3CE200C132F0 /* OCModulesTests.xctest */ = {isa = PBXFileReference; explicitFileType = wrapper.cfbundle; includeInIndex = 0; path = OCModulesTests.xctest; sourceTree = BUILT_PRODUCTS_DIR; };
		A77AE8791F5D3CE200C132F0 /* OCModulesTests.m */ = {isa = PBXFileReference; lastKnownFileType = sourcecode.c.objc; path = OCModulesTests.m; sourceTree = "<group>"; };
		A77AE87B1F5D3CE200C132F0 /* Info.plist */ = {isa = PBXFileReference; lastKnownFileType = text.plist.xml; path = Info.plist; sourceTree = "<group>"; };
		A77AE8801F5D3CE200C132F0 /* OCModulesUITests.xctest */ = {isa = PBXFileReference; explicitFileType = wrapper.cfbundle; includeInIndex = 0; path = OCModulesUITests.xctest; sourceTree = BUILT_PRODUCTS_DIR; };
		A77AE8841F5D3CE200C132F0 /* OCModulesUITests.m */ = {isa = PBXFileReference; lastKnownFileType = sourcecode.c.objc; path = OCModulesUITests.m; sourceTree = "<group>"; };
		A77AE8861F5D3CE200C132F0 /* Info.plist */ = {isa = PBXFileReference; lastKnownFileType = text.plist.xml; path = Info.plist; sourceTree = "<group>"; };
		A77AE8951F5D3FF100C132F0 /* SKYTabBarController.h */ = {isa = PBXFileReference; fileEncoding = 4; lastKnownFileType = sourcecode.c.h; path = SKYTabBarController.h; sourceTree = "<group>"; };
		A77AE8961F5D3FF100C132F0 /* SKYTabBarController.m */ = {isa = PBXFileReference; fileEncoding = 4; lastKnownFileType = sourcecode.c.objc; path = SKYTabBarController.m; sourceTree = "<group>"; };
		A77AE8991F5D460400C132F0 /* SKYTabBarComponet.h */ = {isa = PBXFileReference; fileEncoding = 4; lastKnownFileType = sourcecode.c.h; path = SKYTabBarComponet.h; sourceTree = "<group>"; };
		A77AE89A1F5D460400C132F0 /* SKYTabBarComponet.m */ = {isa = PBXFileReference; fileEncoding = 4; lastKnownFileType = sourcecode.c.objc; path = SKYTabBarComponet.m; sourceTree = "<group>"; };
		A77AE8A41F5D520200C132F0 /* menu_1_off@2x.png */ = {isa = PBXFileReference; lastKnownFileType = image.png; path = "menu_1_off@2x.png"; sourceTree = "<group>"; };
		A77AE8A51F5D520200C132F0 /* menu_1_on@2x.png */ = {isa = PBXFileReference; lastKnownFileType = image.png; path = "menu_1_on@2x.png"; sourceTree = "<group>"; };
		A77AE8A61F5D520200C132F0 /* menu_4_off@2x.png */ = {isa = PBXFileReference; lastKnownFileType = image.png; path = "menu_4_off@2x.png"; sourceTree = "<group>"; };
		A77AE8A71F5D520200C132F0 /* menu_4_on@2x.png */ = {isa = PBXFileReference; lastKnownFileType = image.png; path = "menu_4_on@2x.png"; sourceTree = "<group>"; };
/* End PBXFileReference section */

/* Begin PBXFrameworksBuildPhase section */
		A77AE8561F5D3CE200C132F0 /* Frameworks */ = {
			isa = PBXFrameworksBuildPhase;
			buildActionMask = 2147483647;
			files = (
			);
			runOnlyForDeploymentPostprocessing = 0;
		};
		A77AE8721F5D3CE200C132F0 /* Frameworks */ = {
			isa = PBXFrameworksBuildPhase;
			buildActionMask = 2147483647;
			files = (
			);
			runOnlyForDeploymentPostprocessing = 0;
		};
		A77AE87D1F5D3CE200C132F0 /* Frameworks */ = {
			isa = PBXFrameworksBuildPhase;
			buildActionMask = 2147483647;
			files = (
			);
			runOnlyForDeploymentPostprocessing = 0;
		};
/* End PBXFrameworksBuildPhase section */

/* Begin PBXGroup section */
		A77AE8501F5D3CE200C132F0 = {
			isa = PBXGroup;
			children = (
				A77AE85B1F5D3CE200C132F0 /* OCModules */,
				A77AE8781F5D3CE200C132F0 /* OCModulesTests */,
				A77AE8831F5D3CE200C132F0 /* OCModulesUITests */,
				A77AE85A1F5D3CE200C132F0 /* Products */,
			);
			sourceTree = "<group>";
		};
		A77AE85A1F5D3CE200C132F0 /* Products */ = {
			isa = PBXGroup;
			children = (
				A77AE8591F5D3CE200C132F0 /* OCModules.app */,
				A77AE8751F5D3CE200C132F0 /* OCModulesTests.xctest */,
				A77AE8801F5D3CE200C132F0 /* OCModulesUITests.xctest */,
			);
			name = Products;
			sourceTree = "<group>";
		};
		A77AE85B1F5D3CE200C132F0 /* OCModules */ = {
			isa = PBXGroup;
			children = (
				A77AE85F1F5D3CE200C132F0 /* AppDelegate.h */,
				A77AE8601F5D3CE200C132F0 /* AppDelegate.m */,
				A77AE8931F5D3E5600C132F0 /* UI */,
				A77AE8621F5D3CE200C132F0 /* ViewController.h */,
				A77AE8631F5D3CE200C132F0 /* ViewController.m */,
				A77AE8651F5D3CE200C132F0 /* Main.storyboard */,
				A77AE86B1F5D3CE200C132F0 /* Assets.xcassets */,
				A77AE86D1F5D3CE200C132F0 /* LaunchScreen.storyboard */,
				A77AE8701F5D3CE200C132F0 /* Info.plist */,
				A77AE8681F5D3CE200C132F0 /* OCModules.xcdatamodeld */,
				A77AE85C1F5D3CE200C132F0 /* Supporting Files */,
			);
			path = OCModules;
			sourceTree = "<group>";
		};
		A77AE85C1F5D3CE200C132F0 /* Supporting Files */ = {
			isa = PBXGroup;
			children = (
				A77AE85D1F5D3CE200C132F0 /* main.m */,
			);
			name = "Supporting Files";
			sourceTree = "<group>";
		};
		A77AE8781F5D3CE200C132F0 /* OCModulesTests */ = {
			isa = PBXGroup;
			children = (
				A77AE8791F5D3CE200C132F0 /* OCModulesTests.m */,
				A77AE87B1F5D3CE200C132F0 /* Info.plist */,
			);
			path = OCModulesTests;
			sourceTree = "<group>";
		};
		A77AE8831F5D3CE200C132F0 /* OCModulesUITests */ = {
			isa = PBXGroup;
			children = (
				A77AE8841F5D3CE200C132F0 /* OCModulesUITests.m */,
				A77AE8861F5D3CE200C132F0 /* Info.plist */,
			);
			path = OCModulesUITests;
			sourceTree = "<group>";
		};
		A77AE8931F5D3E5600C132F0 /* UI */ = {
			isa = PBXGroup;
			children = (
				A77AE8941F5D3E5600C132F0 /* TabBarController */,
			);
			path = UI;
			sourceTree = "<group>";
		};
		A77AE8941F5D3E5600C132F0 /* TabBarController */ = {
			isa = PBXGroup;
			children = (
				A77AE8981F5D45D800C132F0 /* Sample */,
				A77AE8951F5D3FF100C132F0 /* SKYTabBarController.h */,
				A77AE8961F5D3FF100C132F0 /* SKYTabBarController.m */,
			);
			path = TabBarController;
			sourceTree = "<group>";
		};
		A77AE8981F5D45D800C132F0 /* Sample */ = {
			isa = PBXGroup;
			children = (
				A77AE8A41F5D520200C132F0 /* menu_1_off@2x.png */,
				A77AE8A51F5D520200C132F0 /* menu_1_on@2x.png */,
				A77AE8A61F5D520200C132F0 /* menu_4_off@2x.png */,
				A77AE8A71F5D520200C132F0 /* menu_4_on@2x.png */,
				A77AE8991F5D460400C132F0 /* SKYTabBarComponet.h */,
				A77AE89A1F5D460400C132F0 /* SKYTabBarComponet.m */,
			);
			path = Sample;
			sourceTree = "<group>";
		};
/* End PBXGroup section */

/* Begin PBXNativeTarget section */
		A77AE8581F5D3CE200C132F0 /* OCModules */ = {
			isa = PBXNativeTarget;
			buildConfigurationList = A77AE8891F5D3CE200C132F0 /* Build configuration list for PBXNativeTarget "OCModules" */;
			buildPhases = (
				A77AE8551F5D3CE200C132F0 /* Sources */,
				A77AE8561F5D3CE200C132F0 /* Frameworks */,
				A77AE8571F5D3CE200C132F0 /* Resources */,
			);
			buildRules = (
			);
			dependencies = (
			);
			name = OCModules;
			productName = OCModules;
			productReference = A77AE8591F5D3CE200C132F0 /* OCModules.app */;
			productType = "com.apple.product-type.application";
		};
		A77AE8741F5D3CE200C132F0 /* OCModulesTests */ = {
			isa = PBXNativeTarget;
			buildConfigurationList = A77AE88C1F5D3CE200C132F0 /* Build configuration list for PBXNativeTarget "OCModulesTests" */;
			buildPhases = (
				A77AE8711F5D3CE200C132F0 /* Sources */,
				A77AE8721F5D3CE200C132F0 /* Frameworks */,
				A77AE8731F5D3CE200C132F0 /* Resources */,
			);
			buildRules = (
			);
			dependencies = (
				A77AE8771F5D3CE200C132F0 /* PBXTargetDependency */,
			);
			name = OCModulesTests;
			productName = OCModulesTests;
			productReference = A77AE8751F5D3CE200C132F0 /* OCModulesTests.xctest */;
			productType = "com.apple.product-type.bundle.unit-test";
		};
		A77AE87F1F5D3CE200C132F0 /* OCModulesUITests */ = {
			isa = PBXNativeTarget;
			buildConfigurationList = A77AE88F1F5D3CE200C132F0 /* Build configuration list for PBXNativeTarget "OCModulesUITests" */;
			buildPhases = (
				A77AE87C1F5D3CE200C132F0 /* Sources */,
				A77AE87D1F5D3CE200C132F0 /* Frameworks */,
				A77AE87E1F5D3CE200C132F0 /* Resources */,
			);
			buildRules = (
			);
			dependencies = (
				A77AE8821F5D3CE200C132F0 /* PBXTargetDependency */,
			);
			name = OCModulesUITests;
			productName = OCModulesUITests;
			productReference = A77AE8801F5D3CE200C132F0 /* OCModulesUITests.xctest */;
			productType = "com.apple.product-type.bundle.ui-testing";
		};
/* End PBXNativeTarget section */

/* Begin PBXProject section */
		A77AE8511F5D3CE200C132F0 /* Project object */ = {
			isa = PBXProject;
			attributes = {
				LastUpgradeCheck = 0830;
				ORGANIZATIONNAME = JianpengGuo;
				TargetAttributes = {
					A77AE8581F5D3CE200C132F0 = {
						CreatedOnToolsVersion = 8.3.3;
						ProvisioningStyle = Automatic;
					};
					A77AE8741F5D3CE200C132F0 = {
						CreatedOnToolsVersion = 8.3.3;
						ProvisioningStyle = Automatic;
						TestTargetID = A77AE8581F5D3CE200C132F0;
					};
					A77AE87F1F5D3CE200C132F0 = {
						CreatedOnToolsVersion = 8.3.3;
						ProvisioningStyle = Automatic;
						TestTargetID = A77AE8581F5D3CE200C132F0;
					};
				};
			};
			buildConfigurationList = A77AE8541F5D3CE200C132F0 /* Build configuration list for PBXProject "OCModules" */;
			compatibilityVersion = "Xcode 3.2";
			developmentRegion = English;
			hasScannedForEncodings = 0;
			knownRegions = (
				en,
				Base,
			);
			mainGroup = A77AE8501F5D3CE200C132F0;
			productRefGroup = A77AE85A1F5D3CE200C132F0 /* Products */;
			projectDirPath = "";
			projectRoot = "";
			targets = (
				A77AE8581F5D3CE200C132F0 /* OCModules */,
				A77AE8741F5D3CE200C132F0 /* OCModulesTests */,
				A77AE87F1F5D3CE200C132F0 /* OCModulesUITests */,
			);
		};
/* End PBXProject section */

/* Begin PBXResourcesBuildPhase section */
		A77AE8571F5D3CE200C132F0 /* Resources */ = {
			isa = PBXResourcesBuildPhase;
			buildActionMask = 2147483647;
			files = (
				A77AE8AB1F5D520200C132F0 /* menu_4_on@2x.png in Resources */,
				A77AE8AA1F5D520200C132F0 /* menu_4_off@2x.png in Resources */,
				A77AE86F1F5D3CE200C132F0 /* LaunchScreen.storyboard in Resources */,
				A77AE8A81F5D520200C132F0 /* menu_1_off@2x.png in Resources */,
				A77AE86C1F5D3CE200C132F0 /* Assets.xcassets in Resources */,
				A77AE8A91F5D520200C132F0 /* menu_1_on@2x.png in Resources */,
				A77AE8671F5D3CE200C132F0 /* Main.storyboard in Resources */,
			);
			runOnlyForDeploymentPostprocessing = 0;
		};
		A77AE8731F5D3CE200C132F0 /* Resources */ = {
			isa = PBXResourcesBuildPhase;
			buildActionMask = 2147483647;
			files = (
			);
			runOnlyForDeploymentPostprocessing = 0;
		};
		A77AE87E1F5D3CE200C132F0 /* Resources */ = {
			isa = PBXResourcesBuildPhase;
			buildActionMask = 2147483647;
			files = (
			);
			runOnlyForDeploymentPostprocessing = 0;
		};
/* End PBXResourcesBuildPhase section */

/* Begin PBXSourcesBuildPhase section */
		A77AE8551F5D3CE200C132F0 /* Sources */ = {
			isa = PBXSourcesBuildPhase;
			buildActionMask = 2147483647;
			files = (
				A77AE8641F5D3CE200C132F0 /* ViewController.m in Sources */,
				A77AE86A1F5D3CE200C132F0 /* OCModules.xcdatamodeld in Sources */,
				A77AE89B1F5D460400C132F0 /* SKYTabBarComponet.m in Sources */,
				A77AE8611F5D3CE200C132F0 /* AppDelegate.m in Sources */,
				A77AE8971F5D3FF100C132F0 /* SKYTabBarController.m in Sources */,
				A77AE85E1F5D3CE200C132F0 /* main.m in Sources */,
			);
			runOnlyForDeploymentPostprocessing = 0;
		};
		A77AE8711F5D3CE200C132F0 /* Sources */ = {
			isa = PBXSourcesBuildPhase;
			buildActionMask = 2147483647;
			files = (
				A77AE87A1F5D3CE200C132F0 /* OCModulesTests.m in Sources */,
			);
			runOnlyForDeploymentPostprocessing = 0;
		};
		A77AE87C1F5D3CE200C132F0 /* Sources */ = {
			isa = PBXSourcesBuildPhase;
			buildActionMask = 2147483647;
			files = (
				A77AE8851F5D3CE200C132F0 /* OCModulesUITests.m in Sources */,
			);
			runOnlyForDeploymentPostprocessing = 0;
		};
/* End PBXSourcesBuildPhase section */

/* Begin PBXTargetDependency section */
		A77AE8771F5D3CE200C132F0 /* PBXTargetDependency */ = {
			isa = PBXTargetDependency;
			target = A77AE8581F5D3CE200C132F0 /* OCModules */;
			targetProxy = A77AE8761F5D3CE200C132F0 /* PBXContainerItemProxy */;
		};
		A77AE8821F5D3CE200C132F0 /* PBXTargetDependency */ = {
			isa = PBXTargetDependency;
			target = A77AE8581F5D3CE200C132F0 /* OCModules */;
			targetProxy = A77AE8811F5D3CE200C132F0 /* PBXContainerItemProxy */;
		};
/* End PBXTargetDependency section */

/* Begin PBXVariantGroup section */
		A77AE8651F5D3CE200C132F0 /* Main.storyboard */ = {
			isa = PBXVariantGroup;
			children = (
				A77AE8661F5D3CE200C132F0 /* Base */,
			);
			name = Main.storyboard;
			sourceTree = "<group>";
		};
		A77AE86D1F5D3CE200C132F0 /* LaunchScreen.storyboard */ = {
			isa = PBXVariantGroup;
			children = (
				A77AE86E1F5D3CE200C132F0 /* Base */,
			);
			name = LaunchScreen.storyboard;
			sourceTree = "<group>";
		};
/* End PBXVariantGroup section */

/* Begin XCBuildConfiguration section */
		A77AE8871F5D3CE200C132F0 /* Debug */ = {
			isa = XCBuildConfiguration;
			buildSettings = {
				ALWAYS_SEARCH_USER_PATHS = NO;
				CLANG_ANALYZER_NONNULL = YES;
				CLANG_ANALYZER_NUMBER_OBJECT_CONVERSION = YES_AGGRESSIVE;
				CLANG_CXX_LANGUAGE_STANDARD = "gnu++0x";
				CLANG_CXX_LIBRARY = "libc++";
				CLANG_ENABLE_MODULES = YES;
				CLANG_ENABLE_OBJC_ARC = YES;
				CLANG_WARN_BOOL_CONVERSION = YES;
				CLANG_WARN_CONSTANT_CONVERSION = YES;
				CLANG_WARN_DIRECT_OBJC_ISA_USAGE = YES_ERROR;
				CLANG_WARN_DOCUMENTATION_COMMENTS = YES;
				CLANG_WARN_EMPTY_BODY = YES;
				CLANG_WARN_ENUM_CONVERSION = YES;
				CLANG_WARN_INFINITE_RECURSION = YES;
				CLANG_WARN_INT_CONVERSION = YES;
				CLANG_WARN_OBJC_ROOT_CLASS = YES_ERROR;
				CLANG_WARN_SUSPICIOUS_MOVE = YES;
				CLANG_WARN_UNREACHABLE_CODE = YES;
				CLANG_WARN__DUPLICATE_METHOD_MATCH = YES;
				"CODE_SIGN_IDENTITY[sdk=iphoneos*]" = "iPhone Developer";
				COPY_PHASE_STRIP = NO;
				DEBUG_INFORMATION_FORMAT = dwarf;
				ENABLE_STRICT_OBJC_MSGSEND = YES;
				ENABLE_TESTABILITY = YES;
				GCC_C_LANGUAGE_STANDARD = gnu99;
				GCC_DYNAMIC_NO_PIC = NO;
				GCC_NO_COMMON_BLOCKS = YES;
				GCC_OPTIMIZATION_LEVEL = 0;
				GCC_PREPROCESSOR_DEFINITIONS = (
					"DEBUG=1",
					"$(inherited)",
				);
				GCC_WARN_64_TO_32_BIT_CONVERSION = YES;
				GCC_WARN_ABOUT_RETURN_TYPE = YES_ERROR;
				GCC_WARN_UNDECLARED_SELECTOR = YES;
				GCC_WARN_UNINITIALIZED_AUTOS = YES_AGGRESSIVE;
				GCC_WARN_UNUSED_FUNCTION = YES;
				GCC_WARN_UNUSED_VARIABLE = YES;
				IPHONEOS_DEPLOYMENT_TARGET = 10.3;
				MTL_ENABLE_DEBUG_INFO = YES;
				ONLY_ACTIVE_ARCH = YES;
				SDKROOT = iphoneos;
			};
			name = Debug;
		};
		A77AE8881F5D3CE200C132F0 /* Release */ = {
			isa = XCBuildConfiguration;
			buildSettings = {
				ALWAYS_SEARCH_USER_PATHS = NO;
				CLANG_ANALYZER_NONNULL = YES;
				CLANG_ANALYZER_NUMBER_OBJECT_CONVERSION = YES_AGGRESSIVE;
				CLANG_CXX_LANGUAGE_STANDARD = "gnu++0x";
				CLANG_CXX_LIBRARY = "libc++";
				CLANG_ENABLE_MODULES = YES;
				CLANG_ENABLE_OBJC_ARC = YES;
				CLANG_WARN_BOOL_CONVERSION = YES;
				CLANG_WARN_CONSTANT_CONVERSION = YES;
				CLANG_WARN_DIRECT_OBJC_ISA_USAGE = YES_ERROR;
				CLANG_WARN_DOCUMENTATION_COMMENTS = YES;
				CLANG_WARN_EMPTY_BODY = YES;
				CLANG_WARN_ENUM_CONVERSION = YES;
				CLANG_WARN_INFINITE_RECURSION = YES;
				CLANG_WARN_INT_CONVERSION = YES;
				CLANG_WARN_OBJC_ROOT_CLASS = YES_ERROR;
				CLANG_WARN_SUSPICIOUS_MOVE = YES;
				CLANG_WARN_UNREACHABLE_CODE = YES;
				CLANG_WARN__DUPLICATE_METHOD_MATCH = YES;
				"CODE_SIGN_IDENTITY[sdk=iphoneos*]" = "iPhone Developer";
				COPY_PHASE_STRIP = NO;
				DEBUG_INFORMATION_FORMAT = "dwarf-with-dsym";
				ENABLE_NS_ASSERTIONS = NO;
				ENABLE_STRICT_OBJC_MSGSEND = YES;
				GCC_C_LANGUAGE_STANDARD = gnu99;
				GCC_NO_COMMON_BLOCKS = YES;
				GCC_WARN_64_TO_32_BIT_CONVERSION = YES;
				GCC_WARN_ABOUT_RETURN_TYPE = YES_ERROR;
				GCC_WARN_UNDECLARED_SELECTOR = YES;
				GCC_WARN_UNINITIALIZED_AUTOS = YES_AGGRESSIVE;
				GCC_WARN_UNUSED_FUNCTION = YES;
				GCC_WARN_UNUSED_VARIABLE = YES;
				IPHONEOS_DEPLOYMENT_TARGET = 10.3;
				MTL_ENABLE_DEBUG_INFO = NO;
				SDKROOT = iphoneos;
				VALIDATE_PRODUCT = YES;
			};
			name = Release;
		};
		A77AE88A1F5D3CE200C132F0 /* Debug */ = {
			isa = XCBuildConfiguration;
			buildSettings = {
				ASSETCATALOG_COMPILER_APPICON_NAME = AppIcon;
				INFOPLIST_FILE = OCModules/Info.plist;
				LD_RUNPATH_SEARCH_PATHS = "$(inherited) @executable_path/Frameworks";
				PRODUCT_BUNDLE_IDENTIFIER = com.pingan.OCModules;
				PRODUCT_NAME = "$(TARGET_NAME)";
			};
			name = Debug;
		};
		A77AE88B1F5D3CE200C132F0 /* Release */ = {
			isa = XCBuildConfiguration;
			buildSettings = {
				ASSETCATALOG_COMPILER_APPICON_NAME = AppIcon;
				INFOPLIST_FILE = OCModules/Info.plist;
				LD_RUNPATH_SEARCH_PATHS = "$(inherited) @executable_path/Frameworks";
				PRODUCT_BUNDLE_IDENTIFIER = com.pingan.OCModules;
				PRODUCT_NAME = "$(TARGET_NAME)";
			};
			name = Release;
		};
		A77AE88D1F5D3CE200C132F0 /* Debug */ = {
			isa = XCBuildConfiguration;
			buildSettings = {
				BUNDLE_LOADER = "$(TEST_HOST)";
				INFOPLIST_FILE = OCModulesTests/Info.plist;
				LD_RUNPATH_SEARCH_PATHS = "$(inherited) @executable_path/Frameworks @loader_path/Frameworks";
				PRODUCT_BUNDLE_IDENTIFIER = com.pingan.OCModulesTests;
				PRODUCT_NAME = "$(TARGET_NAME)";
				TEST_HOST = "$(BUILT_PRODUCTS_DIR)/OCModules.app/OCModules";
			};
			name = Debug;
		};
		A77AE88E1F5D3CE200C132F0 /* Release */ = {
			isa = XCBuildConfiguration;
			buildSettings = {
				BUNDLE_LOADER = "$(TEST_HOST)";
				INFOPLIST_FILE = OCModulesTests/Info.plist;
				LD_RUNPATH_SEARCH_PATHS = "$(inherited) @executable_path/Frameworks @loader_path/Frameworks";
				PRODUCT_BUNDLE_IDENTIFIER = com.pingan.OCModulesTests;
				PRODUCT_NAME = "$(TARGET_NAME)";
				TEST_HOST = "$(BUILT_PRODUCTS_DIR)/OCModules.app/OCModules";
			};
			name = Release;
		};
		A77AE8901F5D3CE200C132F0 /* Debug */ = {
			isa = XCBuildConfiguration;
			buildSettings = {
				INFOPLIST_FILE = OCModulesUITests/Info.plist;
				LD_RUNPATH_SEARCH_PATHS = "$(inherited) @executable_path/Frameworks @loader_path/Frameworks";
				PRODUCT_BUNDLE_IDENTIFIER = com.pingan.OCModulesUITests;
				PRODUCT_NAME = "$(TARGET_NAME)";
				TEST_TARGET_NAME = OCModules;
			};
			name = Debug;
		};
		A77AE8911F5D3CE200C132F0 /* Release */ = {
			isa = XCBuildConfiguration;
			buildSettings = {
				INFOPLIST_FILE = OCModulesUITests/Info.plist;
				LD_RUNPATH_SEARCH_PATHS = "$(inherited) @executable_path/Frameworks @loader_path/Frameworks";
				PRODUCT_BUNDLE_IDENTIFIER = com.pingan.OCModulesUITests;
				PRODUCT_NAME = "$(TARGET_NAME)";
				TEST_TARGET_NAME = OCModules;
			};
			name = Release;
		};
/* End XCBuildConfiguration section */

/* Begin XCConfigurationList section */
		A77AE8541F5D3CE200C132F0 /* Build configuration list for PBXProject "OCModules" */ = {
			isa = XCConfigurationList;
			buildConfigurations = (
				A77AE8871F5D3CE200C132F0 /* Debug */,
				A77AE8881F5D3CE200C132F0 /* Release */,
			);
			defaultConfigurationIsVisible = 0;
			defaultConfigurationName = Release;
		};
		A77AE8891F5D3CE200C132F0 /* Build configuration list for PBXNativeTarget "OCModules" */ = {
			isa = XCConfigurationList;
			buildConfigurations = (
				A77AE88A1F5D3CE200C132F0 /* Debug */,
				A77AE88B1F5D3CE200C132F0 /* Release */,
			);
			defaultConfigurationIsVisible = 0;
		};
		A77AE88C1F5D3CE200C132F0 /* Build configuration list for PBXNativeTarget "OCModulesTests" */ = {
			isa = XCConfigurationList;
			buildConfigurations = (
				A77AE88D1F5D3CE200C132F0 /* Debug */,
				A77AE88E1F5D3CE200C132F0 /* Release */,
			);
			defaultConfigurationIsVisible = 0;
		};
		A77AE88F1F5D3CE200C132F0 /* Build configuration list for PBXNativeTarget "OCModulesUITests" */ = {
			isa = XCConfigurationList;
			buildConfigurations = (
				A77AE8901F5D3CE200C132F0 /* Debug */,
				A77AE8911F5D3CE200C132F0 /* Release */,
			);
			defaultConfigurationIsVisible = 0;
		};
/* End XCConfigurationList section */

/* Begin XCVersionGroup section */
		A77AE8681F5D3CE200C132F0 /* OCModules.xcdatamodeld */ = {
			isa = XCVersionGroup;
			children = (
				A77AE8691F5D3CE200C132F0 /* OCModules.xcdatamodel */,
			);
			currentVersion = A77AE8691F5D3CE200C132F0 /* OCModules.xcdatamodel */;
			path = OCModules.xcdatamodeld;
			sourceTree = "<group>";
			versionGroupType = wrapper.xcdatamodel;
		};
/* End XCVersionGroup section */
	};
	rootObject = A77AE8511F5D3CE200C132F0 /* Project object */;
}
